
Microsoft Visual Studio Solution File, Format Version 12.00
# Visual Studio Version 16
VisualStudioVersion = 16.0.30114.105
MinimumVisualStudioVersion = 10.0.40219.1
Project("{FAE04EC0-301F-11D3-BF4B-00C04F79EFBC}") = "Books", "Books.csproj", "{56080764-0778-4F8B-A351-1528E9D223AB}"
EndProject
Global
	GlobalSection(SolutionConfigurationPlatforms) = preSolution
		Debug|Any CPU = Debug|Any CPU
		Release|Any CPU = Release|Any CPU
	EndGlobalSection
	GlobalSection(ProjectConfigurationPlatforms) = postSolution
		{56080764-0778-4F8B-A351-1528E9D223AB}.Debug|Any CPU.ActiveCfg = Debug|Any CPU
		{56080764-0778-4F8B-A351-1528E9D223AB}.Debug|Any CPU.Build.0 = Debug|Any CPU
		{56080764-0778-4F8B-A351-1528E9D223AB}.Release|Any CPU.ActiveCfg = Release|Any CPU
		{56080764-0778-4F8B-A351-1528E9D223AB}.Release|Any CPU.Build.0 = Release|Any CPU
	EndGlobalSection
	GlobalSection(SolutionProperties) = preSolution
		HideSolutionNode = FALSE
	EndGlobalSection
	GlobalSection(ExtensibilityGlobals) = postSolution
		SolutionGuid = {B72D8DFB-1973-42B0-BACF-0766D398EEB9}
	EndGlobalSection
EndGlobal
